{
  "nodes": {
    "nixpkgs": {
      "locked": {
        "lastModified": 1664871473,
        "narHash": "sha256-1LzbW6G6Uz8akWiOdlIi435GAm1ct5jF5tovw/9to0o=",
        "owner": "nixos",
        "repo": "nixpkgs",
        "rev": "b7a6fde153d9470afdb6aa1da51c4117f03b84ed",
        "type": "github"
      },
      "original": {
        "owner": "nixos",
        "ref": "nixos-unstable",
        "repo": "nixpkgs",
        "type": "github"
      }
    },
    "root": {
      "inputs": {
        "nixpkgs": "nixpkgs"
      }
    }
  },
  "root": "root",
  "version": 7
}
