{
  "nodes": {
    "nixpkgs": {
      "locked": {
        "lastModified": 1612105129,
        "narHash": "sha256-F8vlMh3lnadePP4gcdqxGNfvP2jRqDxwZamVhPfD0Zk=",
        "owner": "nixos",
        "repo": "nixpkgs",
        "rev": "5ff6700bb824a6d824fa021550a5596f6c3f64e7",
        "type": "github"
      },
      "original": {
        "owner": "nixos",
        "ref": "nixos-unstable",
        "repo": "nixpkgs",
        "type": "github"
      }
    },
    "root": {
      "inputs": {
        "nixpkgs": "nixpkgs"
      }
    }
  },
  "root": "root",
  "version": 7
}
