{
  "nodes": {
    "nixpkgs": {
      "locked": {
        "lastModified": 1643080866,
        "narHash": "sha256-iO3Z6jw0HEiie8UnXVpq1SxphprDYBXrVzubEa5D4eE=",
        "owner": "nixos",
        "repo": "nixpkgs",
        "rev": "c07b471b52be8fbc49a7dc194e9b37a6e19ee04d",
        "type": "github"
      },
      "original": {
        "owner": "nixos",
        "ref": "nixos-unstable",
        "repo": "nixpkgs",
        "type": "github"
      }
    },
    "nixpkgs-wine-old": {
      "locked": {
        "lastModified": 1637434616,
        "narHash": "sha256-VB+elW1EcUiI+ak4bhdTcS3aW8Uhi+uuZBgjJ93lfDA=",
        "owner": "nixos",
        "repo": "nixpkgs",
        "rev": "d127765898cf783e083e277a9abae4f909263956",
        "type": "github"
      },
      "original": {
        "owner": "nixos",
        "repo": "nixpkgs",
        "rev": "d127765898cf783e083e277a9abae4f909263956",
        "type": "github"
      }
    },
    "root": {
      "inputs": {
        "nixpkgs": "nixpkgs",
        "nixpkgs-wine-old": "nixpkgs-wine-old"
      }
    }
  },
  "root": "root",
  "version": 7
}
